
Microsoft Visual Studio Solution File, Format Version 12.00
# Visual Studio 15
Project("{FAE04EC0-301F-11D3-BF4B-00C04F79EFBC}") = "UnityEngine.UI", "UnityEngine.UI.csproj", "{FE0E3CF4-5EFB-D68F-464B-13350041084D}"
EndProject
Project("{FAE04EC0-301F-11D3-BF4B-00C04F79EFBC}") = "UnityEngine.TestRunner", "UnityEngine.TestRunner.csproj", "{2AA3ADA8-416B-C923-D125-D4B480F34E1F}"
EndProject
Project("{FAE04EC0-301F-11D3-BF4B-00C04F79EFBC}") = "Unity.Mathematics", "Unity.Mathematics.csproj", "{8B64339A-7D4D-11DD-B988-F9830BD8B135}"
EndProject
Project("{FAE04EC0-301F-11D3-BF4B-00C04F79EFBC}") = "Unity.2D.Animation.Triangle.Runtime", "Unity.2D.Animation.Triangle.Runtime.csproj", "{0A7AB360-6940-7B6E-8E59-11F8A77CC020}"
EndProject
Project("{FAE04EC0-301F-11D3-BF4B-00C04F79EFBC}") = "Unity.Timeline", "Unity.Timeline.csproj", "{04B6212D-64ED-1B72-7D57-2DCA595257E9}"
EndProject
Project("{FAE04EC0-301F-11D3-BF4B-00C04F79EFBC}") = "Unity.TextMeshPro", "Unity.TextMeshPro.csproj", "{C9FA7CDB-ABAA-A762-D0B6-F5CDF417D922}"
EndProject
Project("{FAE04EC0-301F-11D3-BF4B-00C04F79EFBC}") = "Unity.2D.Animation.Runtime", "Unity.2D.Animation.Runtime.csproj", "{A13B414B-DC39-C819-DFB1-7A30488EBD78}"
EndProject
Project("{FAE04EC0-301F-11D3-BF4B-00C04F79EFBC}") = "Unity.2D.IK.Runtime", "Unity.2D.IK.Runtime.csproj", "{05E30438-7000-DD66-BF09-B426FDF432A1}"
EndProject
Project("{FAE04EC0-301F-11D3-BF4B-00C04F79EFBC}") = "Unity.2D.SpriteShape.Runtime", "Unity.2D.SpriteShape.Runtime.csproj", "{4A2F8338-D4D7-22C9-BB7D-57497716576C}"
EndProject
Project("{FAE04EC0-301F-11D3-BF4B-00C04F79EFBC}") = "Unity.2D.PixelPerfect", "Unity.2D.PixelPerfect.csproj", "{E25DF9EF-8119-D0D1-E3B9-AC2D7D904FD2}"
EndProject
Project("{FAE04EC0-301F-11D3-BF4B-00C04F79EFBC}") = "Unity.2D.Common.Runtime", "Unity.2D.Common.Runtime.csproj", "{F2B14EE1-A4FC-34AF-522B-6E0D7AFDCB63}"
EndProject
Project("{FAE04EC0-301F-11D3-BF4B-00C04F79EFBC}") = "Unity.InternalAPIEngineBridge.001", "Unity.InternalAPIEngineBridge.001.csproj", "{6575D8BE-2E66-F008-69A4-317FBC3E2F12}"
EndProject
Project("{FAE04EC0-301F-11D3-BF4B-00C04F79EFBC}") = "Assembly-CSharp", "Assembly-CSharp.csproj", "{4D11AF14-6508-B6A9-CDB4-5C779448F803}"
EndProject
Project("{FAE04EC0-301F-11D3-BF4B-00C04F79EFBC}") = "UnityEditor.TestRunner", "UnityEditor.TestRunner.csproj", "{397D12A1-3075-5740-11F4-18AE88D6E17B}"
EndProject
Project("{FAE04EC0-301F-11D3-BF4B-00C04F79EFBC}") = "Unity.PlasticSCM.Editor", "Unity.PlasticSCM.Editor.csproj", "{C6E82AD9-0C4F-495A-D8BB-3A6FF5AA2994}"
EndProject
Project("{FAE04EC0-301F-11D3-BF4B-00C04F79EFBC}") = "UnityEditor.UI", "UnityEditor.UI.csproj", "{1B8102ED-1F1A-FAE2-F069-A22EDBF543F7}"
EndProject
Project("{FAE04EC0-301F-11D3-BF4B-00C04F79EFBC}") = "Unity.Services.Core.Editor", "Unity.Services.Core.Editor.csproj", "{BB5B1A5F-3A45-B298-1854-DDA5E545B7A8}"
EndProject
Project("{FAE04EC0-301F-11D3-BF4B-00C04F79EFBC}") = "Unity.Timeline.Editor", "Unity.Timeline.Editor.csproj", "{7DE6D1B6-6ECE-A10C-DC8F-4961D32E2A84}"
EndProject
Project("{FAE04EC0-301F-11D3-BF4B-00C04F79EFBC}") = "Unity.VisualStudio.Editor", "Unity.VisualStudio.Editor.csproj", "{D6D230DF-30FD-77A1-AAC8-1FC0E3F28881}"
EndProject
Project("{FAE04EC0-301F-11D3-BF4B-00C04F79EFBC}") = "Unity.2D.Psdimporter.Editor", "Unity.2D.Psdimporter.Editor.csproj", "{6E0A6518-B561-2A36-A768-7223559A7B4D}"
EndProject
Project("{FAE04EC0-301F-11D3-BF4B-00C04F79EFBC}") = "Unity.2D.Animation.Editor", "Unity.2D.Animation.Editor.csproj", "{F16BF01F-CE7D-0923-C714-E94906112FDD}"
EndProject
Project("{FAE04EC0-301F-11D3-BF4B-00C04F79EFBC}") = "Unity.TextMeshPro.Editor", "Unity.TextMeshPro.Editor.csproj", "{C6BF9F5A-BFB1-0745-F681-55DBE74D2AD0}"
EndProject
Project("{FAE04EC0-301F-11D3-BF4B-00C04F79EFBC}") = "Unity.2D.SpriteShape.Editor", "Unity.2D.SpriteShape.Editor.csproj", "{5D89FFCE-3304-2273-61C8-3B9E1F3B669A}"
EndProject
Project("{FAE04EC0-301F-11D3-BF4B-00C04F79EFBC}") = "Unity.CollabProxy.Editor", "Unity.CollabProxy.Editor.csproj", "{0B2DBADA-CFFC-97F7-9528-939467E1F45C}"
EndProject
Project("{FAE04EC0-301F-11D3-BF4B-00C04F79EFBC}") = "PsdPlugin", "PsdPlugin.csproj", "{94638203-B665-39E8-39DC-96AA466CA97D}"
EndProject
Project("{FAE04EC0-301F-11D3-BF4B-00C04F79EFBC}") = "Unity.2D.Path.Editor", "Unity.2D.Path.Editor.csproj", "{5D1873A2-DF93-581B-449F-177B0FAFA6AA}"
EndProject
Project("{FAE04EC0-301F-11D3-BF4B-00C04F79EFBC}") = "Unity.Rider.Editor", "Unity.Rider.Editor.csproj", "{EBCE6AFC-70D7-D548-233F-2D60A6E07A2D}"
EndProject
Project("{FAE04EC0-301F-11D3-BF4B-00C04F79EFBC}") = "Unity.2D.IK.Editor", "Unity.2D.IK.Editor.csproj", "{358C7468-388D-2AB9-A7AE-49270C4DA9B2}"
EndProject
Project("{FAE04EC0-301F-11D3-BF4B-00C04F79EFBC}") = "Unity.2D.Sprite.Editor", "Unity.2D.Sprite.Editor.csproj", "{E2BB10B2-56B3-7A2F-8D77-7AFB619EE576}"
EndProject
Project("{FAE04EC0-301F-11D3-BF4B-00C04F79EFBC}") = "Unity.2D.Tilemap.Editor", "Unity.2D.Tilemap.Editor.csproj", "{14A4F75E-2B99-D746-1C2A-EE878B3DC172}"
EndProject
Project("{FAE04EC0-301F-11D3-BF4B-00C04F79EFBC}") = "Unity.2D.PixelPerfect.Editor", "Unity.2D.PixelPerfect.Editor.csproj", "{A57539B9-EF45-D08B-7CD4-3FBD02639DBB}"
EndProject
Project("{FAE04EC0-301F-11D3-BF4B-00C04F79EFBC}") = "Unity.VSCode.Editor", "Unity.VSCode.Editor.csproj", "{61248673-CFB0-C864-7571-410D8C14945D}"
EndProject
Project("{FAE04EC0-301F-11D3-BF4B-00C04F79EFBC}") = "Unity.2D.Common.Editor", "Unity.2D.Common.Editor.csproj", "{79A77A8D-C491-8E2E-A462-5A91F509CE64}"
EndProject
Project("{FAE04EC0-301F-11D3-BF4B-00C04F79EFBC}") = "Unity.Mathematics.Editor", "Unity.Mathematics.Editor.csproj", "{9370DF4E-BC36-C8FC-DDD8-0DFB925D840D}"
EndProject
Project("{FAE04EC0-301F-11D3-BF4B-00C04F79EFBC}") = "Unity.InternalAPIEditorBridge.001", "Unity.InternalAPIEditorBridge.001.csproj", "{FF65EECD-C169-3123-C7F3-6BE73827E53D}"
EndProject
Project("{FAE04EC0-301F-11D3-BF4B-00C04F79EFBC}") = "UnityEngine.UI", "UnityEngine.UI.Player.csproj", "{13AD1B37-C331-0C4A-048F-E6B3B7535461}"
EndProject
Project("{FAE04EC0-301F-11D3-BF4B-00C04F79EFBC}") = "UnityEngine.TestRunner", "UnityEngine.TestRunner.Player.csproj", "{520193D4-B1A3-DBA7-F3AF-19937CA6BF27}"
EndProject
Project("{FAE04EC0-301F-11D3-BF4B-00C04F79EFBC}") = "Unity.Mathematics", "Unity.Mathematics.Player.csproj", "{D260E4AE-5FC8-A903-69AA-7489BC528DE0}"
EndProject
Project("{FAE04EC0-301F-11D3-BF4B-00C04F79EFBC}") = "Unity.2D.Animation.Triangle.Runtime", "Unity.2D.Animation.Triangle.Runtime.Player.csproj", "{9362565B-AC8E-14B0-23D1-43BA76AF6C8D}"
EndProject
Project("{FAE04EC0-301F-11D3-BF4B-00C04F79EFBC}") = "Unity.Timeline", "Unity.Timeline.Player.csproj", "{6ACBE933-3978-C65C-8E64-CAD1E82697B7}"
EndProject
Project("{FAE04EC0-301F-11D3-BF4B-00C04F79EFBC}") = "Unity.TextMeshPro", "Unity.TextMeshPro.Player.csproj", "{F51C8087-2802-55E1-8476-117D755EBA90}"
EndProject
Project("{FAE04EC0-301F-11D3-BF4B-00C04F79EFBC}") = "Unity.2D.Animation.Runtime", "Unity.2D.Animation.Runtime.Player.csproj", "{7F2E2D6C-7EA9-940E-072E-9366587078F7}"
EndProject
Project("{FAE04EC0-301F-11D3-BF4B-00C04F79EFBC}") = "Unity.2D.IK.Runtime", "Unity.2D.IK.Runtime.Player.csproj", "{B7317899-6580-1AE5-10E8-51B538D8F3ED}"
EndProject
Project("{FAE04EC0-301F-11D3-BF4B-00C04F79EFBC}") = "Unity.2D.SpriteShape.Runtime", "Unity.2D.SpriteShape.Runtime.Player.csproj", "{76208F36-7CD2-C04E-5901-29683F4E1015}"
EndProject
Project("{FAE04EC0-301F-11D3-BF4B-00C04F79EFBC}") = "Unity.2D.PixelPerfect", "Unity.2D.PixelPerfect.Player.csproj", "{0B817D2C-5D05-33F1-43D8-5474224E2233}"
EndProject
Project("{FAE04EC0-301F-11D3-BF4B-00C04F79EFBC}") = "Unity.2D.Common.Runtime", "Unity.2D.Common.Runtime.Player.csproj", "{4FC14E3A-FA53-2DF5-CBF7-40A629B20DC8}"
EndProject
Project("{FAE04EC0-301F-11D3-BF4B-00C04F79EFBC}") = "Unity.InternalAPIEngineBridge.001", "Unity.InternalAPIEngineBridge.001.Player.csproj", "{6B8ABBAA-E15A-D821-B3AC-76F396D267E6}"
EndProject
Project("{FAE04EC0-301F-11D3-BF4B-00C04F79EFBC}") = "Assembly-CSharp", "Assembly-CSharp.Player.csproj", "{C3F539C2-DBEF-2959-5151-CE3356AE0C99}"
EndProject
Global
	GlobalSection(SolutionConfigurationPlatforms) = preSolution
		Debug|Any CPU = Debug|Any CPU
		Release|Any CPU = Release|Any CPU
	EndGlobalSection
	GlobalSection(ProjectConfigurationPlatforms) = postSolution
		{FE0E3CF4-5EFB-D68F-464B-13350041084D}.Debug|Any CPU.ActiveCfg = Debug|Any CPU
		{FE0E3CF4-5EFB-D68F-464B-13350041084D}.Debug|Any CPU.Build.0 = Debug|Any CPU
		{FE0E3CF4-5EFB-D68F-464B-13350041084D}.Release|Any CPU.ActiveCfg = Release|Any CPU
		{FE0E3CF4-5EFB-D68F-464B-13350041084D}.Release|Any CPU.Build.0 = Release|Any CPU
		{2AA3ADA8-416B-C923-D125-D4B480F34E1F}.Debug|Any CPU.ActiveCfg = Debug|Any CPU
		{2AA3ADA8-416B-C923-D125-D4B480F34E1F}.Debug|Any CPU.Build.0 = Debug|Any CPU
		{2AA3ADA8-416B-C923-D125-D4B480F34E1F}.Release|Any CPU.ActiveCfg = Release|Any CPU
		{2AA3ADA8-416B-C923-D125-D4B480F34E1F}.Release|Any CPU.Build.0 = Release|Any CPU
		{8B64339A-7D4D-11DD-B988-F9830BD8B135}.Debug|Any CPU.ActiveCfg = Debug|Any CPU
		{8B64339A-7D4D-11DD-B988-F9830BD8B135}.Debug|Any CPU.Build.0 = Debug|Any CPU
		{8B64339A-7D4D-11DD-B988-F9830BD8B135}.Release|Any CPU.ActiveCfg = Release|Any CPU
		{8B64339A-7D4D-11DD-B988-F9830BD8B135}.Release|Any CPU.Build.0 = Release|Any CPU
		{0A7AB360-6940-7B6E-8E59-11F8A77CC020}.Debug|Any CPU.ActiveCfg = Debug|Any CPU
		{0A7AB360-6940-7B6E-8E59-11F8A77CC020}.Debug|Any CPU.Build.0 = Debug|Any CPU
		{0A7AB360-6940-7B6E-8E59-11F8A77CC020}.Release|Any CPU.ActiveCfg = Release|Any CPU
		{0A7AB360-6940-7B6E-8E59-11F8A77CC020}.Release|Any CPU.Build.0 = Release|Any CPU
		{04B6212D-64ED-1B72-7D57-2DCA595257E9}.Debug|Any CPU.ActiveCfg = Debug|Any CPU
		{04B6212D-64ED-1B72-7D57-2DCA595257E9}.Debug|Any CPU.Build.0 = Debug|Any CPU
		{04B6212D-64ED-1B72-7D57-2DCA595257E9}.Release|Any CPU.ActiveCfg = Release|Any CPU
		{04B6212D-64ED-1B72-7D57-2DCA595257E9}.Release|Any CPU.Build.0 = Release|Any CPU
		{C9FA7CDB-ABAA-A762-D0B6-F5CDF417D922}.Debug|Any CPU.ActiveCfg = Debug|Any CPU
		{C9FA7CDB-ABAA-A762-D0B6-F5CDF417D922}.Debug|Any CPU.Build.0 = Debug|Any CPU
		{C9FA7CDB-ABAA-A762-D0B6-F5CDF417D922}.Release|Any CPU.ActiveCfg = Release|Any CPU
		{C9FA7CDB-ABAA-A762-D0B6-F5CDF417D922}.Release|Any CPU.Build.0 = Release|Any CPU
		{A13B414B-DC39-C819-DFB1-7A30488EBD78}.Debug|Any CPU.ActiveCfg = Debug|Any CPU
		{A13B414B-DC39-C819-DFB1-7A30488EBD78}.Debug|Any CPU.Build.0 = Debug|Any CPU
		{A13B414B-DC39-C819-DFB1-7A30488EBD78}.Release|Any CPU.ActiveCfg = Release|Any CPU
		{A13B414B-DC39-C819-DFB1-7A30488EBD78}.Release|Any CPU.Build.0 = Release|Any CPU
		{05E30438-7000-DD66-BF09-B426FDF432A1}.Debug|Any CPU.ActiveCfg = Debug|Any CPU
		{05E30438-7000-DD66-BF09-B426FDF432A1}.Debug|Any CPU.Build.0 = Debug|Any CPU
		{05E30438-7000-DD66-BF09-B426FDF432A1}.Release|Any CPU.ActiveCfg = Release|Any CPU
		{05E30438-7000-DD66-BF09-B426FDF432A1}.Release|Any CPU.Build.0 = Release|Any CPU
		{4A2F8338-D4D7-22C9-BB7D-57497716576C}.Debug|Any CPU.ActiveCfg = Debug|Any CPU
		{4A2F8338-D4D7-22C9-BB7D-57497716576C}.Debug|Any CPU.Build.0 = Debug|Any CPU
		{4A2F8338-D4D7-22C9-BB7D-57497716576C}.Release|Any CPU.ActiveCfg = Release|Any CPU
		{4A2F8338-D4D7-22C9-BB7D-57497716576C}.Release|Any CPU.Build.0 = Release|Any CPU
		{E25DF9EF-8119-D0D1-E3B9-AC2D7D904FD2}.Debug|Any CPU.ActiveCfg = Debug|Any CPU
		{E25DF9EF-8119-D0D1-E3B9-AC2D7D904FD2}.Debug|Any CPU.Build.0 = Debug|Any CPU
		{E25DF9EF-8119-D0D1-E3B9-AC2D7D904FD2}.Release|Any CPU.ActiveCfg = Release|Any CPU
		{E25DF9EF-8119-D0D1-E3B9-AC2D7D904FD2}.Release|Any CPU.Build.0 = Release|Any CPU
		{F2B14EE1-A4FC-34AF-522B-6E0D7AFDCB63}.Debug|Any CPU.ActiveCfg = Debug|Any CPU
		{F2B14EE1-A4FC-34AF-522B-6E0D7AFDCB63}.Debug|Any CPU.Build.0 = Debug|Any CPU
		{F2B14EE1-A4FC-34AF-522B-6E0D7AFDCB63}.Release|Any CPU.ActiveCfg = Release|Any CPU
		{F2B14EE1-A4FC-34AF-522B-6E0D7AFDCB63}.Release|Any CPU.Build.0 = Release|Any CPU
		{6575D8BE-2E66-F008-69A4-317FBC3E2F12}.Debug|Any CPU.ActiveCfg = Debug|Any CPU
		{6575D8BE-2E66-F008-69A4-317FBC3E2F12}.Debug|Any CPU.Build.0 = Debug|Any CPU
		{6575D8BE-2E66-F008-69A4-317FBC3E2F12}.Release|Any CPU.ActiveCfg = Release|Any CPU
		{6575D8BE-2E66-F008-69A4-317FBC3E2F12}.Release|Any CPU.Build.0 = Release|Any CPU
		{4D11AF14-6508-B6A9-CDB4-5C779448F803}.Debug|Any CPU.ActiveCfg = Debug|Any CPU
		{4D11AF14-6508-B6A9-CDB4-5C779448F803}.Debug|Any CPU.Build.0 = Debug|Any CPU
		{4D11AF14-6508-B6A9-CDB4-5C779448F803}.Release|Any CPU.ActiveCfg = Release|Any CPU
		{4D11AF14-6508-B6A9-CDB4-5C779448F803}.Release|Any CPU.Build.0 = Release|Any CPU
		{397D12A1-3075-5740-11F4-18AE88D6E17B}.Debug|Any CPU.ActiveCfg = Debug|Any CPU
		{397D12A1-3075-5740-11F4-18AE88D6E17B}.Debug|Any CPU.Build.0 = Debug|Any CPU
		{397D12A1-3075-5740-11F4-18AE88D6E17B}.Release|Any CPU.ActiveCfg = Release|Any CPU
		{397D12A1-3075-5740-11F4-18AE88D6E17B}.Release|Any CPU.Build.0 = Release|Any CPU
		{C6E82AD9-0C4F-495A-D8BB-3A6FF5AA2994}.Debug|Any CPU.ActiveCfg = Debug|Any CPU
		{C6E82AD9-0C4F-495A-D8BB-3A6FF5AA2994}.Debug|Any CPU.Build.0 = Debug|Any CPU
		{C6E82AD9-0C4F-495A-D8BB-3A6FF5AA2994}.Release|Any CPU.ActiveCfg = Release|Any CPU
		{C6E82AD9-0C4F-495A-D8BB-3A6FF5AA2994}.Release|Any CPU.Build.0 = Release|Any CPU
		{1B8102ED-1F1A-FAE2-F069-A22EDBF543F7}.Debug|Any CPU.ActiveCfg = Debug|Any CPU
		{1B8102ED-1F1A-FAE2-F069-A22EDBF543F7}.Debug|Any CPU.Build.0 = Debug|Any CPU
		{1B8102ED-1F1A-FAE2-F069-A22EDBF543F7}.Release|Any CPU.ActiveCfg = Release|Any CPU
		{1B8102ED-1F1A-FAE2-F069-A22EDBF543F7}.Release|Any CPU.Build.0 = Release|Any CPU
		{BB5B1A5F-3A45-B298-1854-DDA5E545B7A8}.Debug|Any CPU.ActiveCfg = Debug|Any CPU
		{BB5B1A5F-3A45-B298-1854-DDA5E545B7A8}.Debug|Any CPU.Build.0 = Debug|Any CPU
		{BB5B1A5F-3A45-B298-1854-DDA5E545B7A8}.Release|Any CPU.ActiveCfg = Release|Any CPU
		{BB5B1A5F-3A45-B298-1854-DDA5E545B7A8}.Release|Any CPU.Build.0 = Release|Any CPU
		{7DE6D1B6-6ECE-A10C-DC8F-4961D32E2A84}.Debug|Any CPU.ActiveCfg = Debug|Any CPU
		{7DE6D1B6-6ECE-A10C-DC8F-4961D32E2A84}.Debug|Any CPU.Build.0 = Debug|Any CPU
		{7DE6D1B6-6ECE-A10C-DC8F-4961D32E2A84}.Release|Any CPU.ActiveCfg = Release|Any CPU
		{7DE6D1B6-6ECE-A10C-DC8F-4961D32E2A84}.Release|Any CPU.Build.0 = Release|Any CPU
		{D6D230DF-30FD-77A1-AAC8-1FC0E3F28881}.Debug|Any CPU.ActiveCfg = Debug|Any CPU
		{D6D230DF-30FD-77A1-AAC8-1FC0E3F28881}.Debug|Any CPU.Build.0 = Debug|Any CPU
		{D6D230DF-30FD-77A1-AAC8-1FC0E3F28881}.Release|Any CPU.ActiveCfg = Release|Any CPU
		{D6D230DF-30FD-77A1-AAC8-1FC0E3F28881}.Release|Any CPU.Build.0 = Release|Any CPU
		{6E0A6518-B561-2A36-A768-7223559A7B4D}.Debug|Any CPU.ActiveCfg = Debug|Any CPU
		{6E0A6518-B561-2A36-A768-7223559A7B4D}.Debug|Any CPU.Build.0 = Debug|Any CPU
		{6E0A6518-B561-2A36-A768-7223559A7B4D}.Release|Any CPU.ActiveCfg = Release|Any CPU
		{6E0A6518-B561-2A36-A768-7223559A7B4D}.Release|Any CPU.Build.0 = Release|Any CPU
		{F16BF01F-CE7D-0923-C714-E94906112FDD}.Debug|Any CPU.ActiveCfg = Debug|Any CPU
		{F16BF01F-CE7D-0923-C714-E94906112FDD}.Debug|Any CPU.Build.0 = Debug|Any CPU
		{F16BF01F-CE7D-0923-C714-E94906112FDD}.Release|Any CPU.ActiveCfg = Release|Any CPU
		{F16BF01F-CE7D-0923-C714-E94906112FDD}.Release|Any CPU.Build.0 = Release|Any CPU
		{C6BF9F5A-BFB1-0745-F681-55DBE74D2AD0}.Debug|Any CPU.ActiveCfg = Debug|Any CPU
		{C6BF9F5A-BFB1-0745-F681-55DBE74D2AD0}.Debug|Any CPU.Build.0 = Debug|Any CPU
		{C6BF9F5A-BFB1-0745-F681-55DBE74D2AD0}.Release|Any CPU.ActiveCfg = Release|Any CPU
		{C6BF9F5A-BFB1-0745-F681-55DBE74D2AD0}.Release|Any CPU.Build.0 = Release|Any CPU
		{5D89FFCE-3304-2273-61C8-3B9E1F3B669A}.Debug|Any CPU.ActiveCfg = Debug|Any CPU
		{5D89FFCE-3304-2273-61C8-3B9E1F3B669A}.Debug|Any CPU.Build.0 = Debug|Any CPU
		{5D89FFCE-3304-2273-61C8-3B9E1F3B669A}.Release|Any CPU.ActiveCfg = Release|Any CPU
		{5D89FFCE-3304-2273-61C8-3B9E1F3B669A}.Release|Any CPU.Build.0 = Release|Any CPU
		{0B2DBADA-CFFC-97F7-9528-939467E1F45C}.Debug|Any CPU.ActiveCfg = Debug|Any CPU
		{0B2DBADA-CFFC-97F7-9528-939467E1F45C}.Debug|Any CPU.Build.0 = Debug|Any CPU
		{0B2DBADA-CFFC-97F7-9528-939467E1F45C}.Release|Any CPU.ActiveCfg = Release|Any CPU
		{0B2DBADA-CFFC-97F7-9528-939467E1F45C}.Release|Any CPU.Build.0 = Release|Any CPU
		{94638203-B665-39E8-39DC-96AA466CA97D}.Debug|Any CPU.ActiveCfg = Debug|Any CPU
		{94638203-B665-39E8-39DC-96AA466CA97D}.Debug|Any CPU.Build.0 = Debug|Any CPU
		{94638203-B665-39E8-39DC-96AA466CA97D}.Release|Any CPU.ActiveCfg = Release|Any CPU
		{94638203-B665-39E8-39DC-96AA466CA97D}.Release|Any CPU.Build.0 = Release|Any CPU
		{5D1873A2-DF93-581B-449F-177B0FAFA6AA}.Debug|Any CPU.ActiveCfg = Debug|Any CPU
		{5D1873A2-DF93-581B-449F-177B0FAFA6AA}.Debug|Any CPU.Build.0 = Debug|Any CPU
		{5D1873A2-DF93-581B-449F-177B0FAFA6AA}.Release|Any CPU.ActiveCfg = Release|Any CPU
		{5D1873A2-DF93-581B-449F-177B0FAFA6AA}.Release|Any CPU.Build.0 = Release|Any CPU
		{EBCE6AFC-70D7-D548-233F-2D60A6E07A2D}.Debug|Any CPU.ActiveCfg = Debug|Any CPU
		{EBCE6AFC-70D7-D548-233F-2D60A6E07A2D}.Debug|Any CPU.Build.0 = Debug|Any CPU
		{EBCE6AFC-70D7-D548-233F-2D60A6E07A2D}.Release|Any CPU.ActiveCfg = Release|Any CPU
		{EBCE6AFC-70D7-D548-233F-2D60A6E07A2D}.Release|Any CPU.Build.0 = Release|Any CPU
		{358C7468-388D-2AB9-A7AE-49270C4DA9B2}.Debug|Any CPU.ActiveCfg = Debug|Any CPU
		{358C7468-388D-2AB9-A7AE-49270C4DA9B2}.Debug|Any CPU.Build.0 = Debug|Any CPU
		{358C7468-388D-2AB9-A7AE-49270C4DA9B2}.Release|Any CPU.ActiveCfg = Release|Any CPU
		{358C7468-388D-2AB9-A7AE-49270C4DA9B2}.Release|Any CPU.Build.0 = Release|Any CPU
		{E2BB10B2-56B3-7A2F-8D77-7AFB619EE576}.Debug|Any CPU.ActiveCfg = Debug|Any CPU
		{E2BB10B2-56B3-7A2F-8D77-7AFB619EE576}.Debug|Any CPU.Build.0 = Debug|Any CPU
		{E2BB10B2-56B3-7A2F-8D77-7AFB619EE576}.Release|Any CPU.ActiveCfg = Release|Any CPU
		{E2BB10B2-56B3-7A2F-8D77-7AFB619EE576}.Release|Any CPU.Build.0 = Release|Any CPU
		{14A4F75E-2B99-D746-1C2A-EE878B3DC172}.Debug|Any CPU.ActiveCfg = Debug|Any CPU
		{14A4F75E-2B99-D746-1C2A-EE878B3DC172}.Debug|Any CPU.Build.0 = Debug|Any CPU
		{14A4F75E-2B99-D746-1C2A-EE878B3DC172}.Release|Any CPU.ActiveCfg = Release|Any CPU
		{14A4F75E-2B99-D746-1C2A-EE878B3DC172}.Release|Any CPU.Build.0 = Release|Any CPU
		{A57539B9-EF45-D08B-7CD4-3FBD02639DBB}.Debug|Any CPU.ActiveCfg = Debug|Any CPU
		{A57539B9-EF45-D08B-7CD4-3FBD02639DBB}.Debug|Any CPU.Build.0 = Debug|Any CPU
		{A57539B9-EF45-D08B-7CD4-3FBD02639DBB}.Release|Any CPU.ActiveCfg = Release|Any CPU
		{A57539B9-EF45-D08B-7CD4-3FBD02639DBB}.Release|Any CPU.Build.0 = Release|Any CPU
		{61248673-CFB0-C864-7571-410D8C14945D}.Debug|Any CPU.ActiveCfg = Debug|Any CPU
		{61248673-CFB0-C864-7571-410D8C14945D}.Debug|Any CPU.Build.0 = Debug|Any CPU
		{61248673-CFB0-C864-7571-410D8C14945D}.Release|Any CPU.ActiveCfg = Release|Any CPU
		{61248673-CFB0-C864-7571-410D8C14945D}.Release|Any CPU.Build.0 = Release|Any CPU
		{79A77A8D-C491-8E2E-A462-5A91F509CE64}.Debug|Any CPU.ActiveCfg = Debug|Any CPU
		{79A77A8D-C491-8E2E-A462-5A91F509CE64}.Debug|Any CPU.Build.0 = Debug|Any CPU
		{79A77A8D-C491-8E2E-A462-5A91F509CE64}.Release|Any CPU.ActiveCfg = Release|Any CPU
		{79A77A8D-C491-8E2E-A462-5A91F509CE64}.Release|Any CPU.Build.0 = Release|Any CPU
		{9370DF4E-BC36-C8FC-DDD8-0DFB925D840D}.Debug|Any CPU.ActiveCfg = Debug|Any CPU
		{9370DF4E-BC36-C8FC-DDD8-0DFB925D840D}.Debug|Any CPU.Build.0 = Debug|Any CPU
		{9370DF4E-BC36-C8FC-DDD8-0DFB925D840D}.Release|Any CPU.ActiveCfg = Release|Any CPU
		{9370DF4E-BC36-C8FC-DDD8-0DFB925D840D}.Release|Any CPU.Build.0 = Release|Any CPU
		{FF65EECD-C169-3123-C7F3-6BE73827E53D}.Debug|Any CPU.ActiveCfg = Debug|Any CPU
		{FF65EECD-C169-3123-C7F3-6BE73827E53D}.Debug|Any CPU.Build.0 = Debug|Any CPU
		{FF65EECD-C169-3123-C7F3-6BE73827E53D}.Release|Any CPU.ActiveCfg = Release|Any CPU
		{FF65EECD-C169-3123-C7F3-6BE73827E53D}.Release|Any CPU.Build.0 = Release|Any CPU
		{13AD1B37-C331-0C4A-048F-E6B3B7535461}.Debug|Any CPU.ActiveCfg = Debug|Any CPU
		{13AD1B37-C331-0C4A-048F-E6B3B7535461}.Debug|Any CPU.Build.0 = Debug|Any CPU
		{13AD1B37-C331-0C4A-048F-E6B3B7535461}.Release|Any CPU.ActiveCfg = Release|Any CPU
		{13AD1B37-C331-0C4A-048F-E6B3B7535461}.Release|Any CPU.Build.0 = Release|Any CPU
		{520193D4-B1A3-DBA7-F3AF-19937CA6BF27}.Debug|Any CPU.ActiveCfg = Debug|Any CPU
		{520193D4-B1A3-DBA7-F3AF-19937CA6BF27}.Debug|Any CPU.Build.0 = Debug|Any CPU
		{520193D4-B1A3-DBA7-F3AF-19937CA6BF27}.Release|Any CPU.ActiveCfg = Release|Any CPU
		{520193D4-B1A3-DBA7-F3AF-19937CA6BF27}.Release|Any CPU.Build.0 = Release|Any CPU
		{D260E4AE-5FC8-A903-69AA-7489BC528DE0}.Debug|Any CPU.ActiveCfg = Debug|Any CPU
		{D260E4AE-5FC8-A903-69AA-7489BC528DE0}.Debug|Any CPU.Build.0 = Debug|Any CPU
		{D260E4AE-5FC8-A903-69AA-7489BC528DE0}.Release|Any CPU.ActiveCfg = Release|Any CPU
		{D260E4AE-5FC8-A903-69AA-7489BC528DE0}.Release|Any CPU.Build.0 = Release|Any CPU
		{9362565B-AC8E-14B0-23D1-43BA76AF6C8D}.Debug|Any CPU.ActiveCfg = Debug|Any CPU
		{9362565B-AC8E-14B0-23D1-43BA76AF6C8D}.Debug|Any CPU.Build.0 = Debug|Any CPU
		{9362565B-AC8E-14B0-23D1-43BA76AF6C8D}.Release|Any CPU.ActiveCfg = Release|Any CPU
		{9362565B-AC8E-14B0-23D1-43BA76AF6C8D}.Release|Any CPU.Build.0 = Release|Any CPU
		{6ACBE933-3978-C65C-8E64-CAD1E82697B7}.Debug|Any CPU.ActiveCfg = Debug|Any CPU
		{6ACBE933-3978-C65C-8E64-CAD1E82697B7}.Debug|Any CPU.Build.0 = Debug|Any CPU
		{6ACBE933-3978-C65C-8E64-CAD1E82697B7}.Release|Any CPU.ActiveCfg = Release|Any CPU
		{6ACBE933-3978-C65C-8E64-CAD1E82697B7}.Release|Any CPU.Build.0 = Release|Any CPU
		{F51C8087-2802-55E1-8476-117D755EBA90}.Debug|Any CPU.ActiveCfg = Debug|Any CPU
		{F51C8087-2802-55E1-8476-117D755EBA90}.Debug|Any CPU.Build.0 = Debug|Any CPU
		{F51C8087-2802-55E1-8476-117D755EBA90}.Release|Any CPU.ActiveCfg = Release|Any CPU
		{F51C8087-2802-55E1-8476-117D755EBA90}.Release|Any CPU.Build.0 = Release|Any CPU
		{7F2E2D6C-7EA9-940E-072E-9366587078F7}.Debug|Any CPU.ActiveCfg = Debug|Any CPU
		{7F2E2D6C-7EA9-940E-072E-9366587078F7}.Debug|Any CPU.Build.0 = Debug|Any CPU
		{7F2E2D6C-7EA9-940E-072E-9366587078F7}.Release|Any CPU.ActiveCfg = Release|Any CPU
		{7F2E2D6C-7EA9-940E-072E-9366587078F7}.Release|Any CPU.Build.0 = Release|Any CPU
		{B7317899-6580-1AE5-10E8-51B538D8F3ED}.Debug|Any CPU.ActiveCfg = Debug|Any CPU
		{B7317899-6580-1AE5-10E8-51B538D8F3ED}.Debug|Any CPU.Build.0 = Debug|Any CPU
		{B7317899-6580-1AE5-10E8-51B538D8F3ED}.Release|Any CPU.ActiveCfg = Release|Any CPU
		{B7317899-6580-1AE5-10E8-51B538D8F3ED}.Release|Any CPU.Build.0 = Release|Any CPU
		{76208F36-7CD2-C04E-5901-29683F4E1015}.Debug|Any CPU.ActiveCfg = Debug|Any CPU
		{76208F36-7CD2-C04E-5901-29683F4E1015}.Debug|Any CPU.Build.0 = Debug|Any CPU
		{76208F36-7CD2-C04E-5901-29683F4E1015}.Release|Any CPU.ActiveCfg = Release|Any CPU
		{76208F36-7CD2-C04E-5901-29683F4E1015}.Release|Any CPU.Build.0 = Release|Any CPU
		{0B817D2C-5D05-33F1-43D8-5474224E2233}.Debug|Any CPU.ActiveCfg = Debug|Any CPU
		{0B817D2C-5D05-33F1-43D8-5474224E2233}.Debug|Any CPU.Build.0 = Debug|Any CPU
		{0B817D2C-5D05-33F1-43D8-5474224E2233}.Release|Any CPU.ActiveCfg = Release|Any CPU
		{0B817D2C-5D05-33F1-43D8-5474224E2233}.Release|Any CPU.Build.0 = Release|Any CPU
		{4FC14E3A-FA53-2DF5-CBF7-40A629B20DC8}.Debug|Any CPU.ActiveCfg = Debug|Any CPU
		{4FC14E3A-FA53-2DF5-CBF7-40A629B20DC8}.Debug|Any CPU.Build.0 = Debug|Any CPU
		{4FC14E3A-FA53-2DF5-CBF7-40A629B20DC8}.Release|Any CPU.ActiveCfg = Release|Any CPU
		{4FC14E3A-FA53-2DF5-CBF7-40A629B20DC8}.Release|Any CPU.Build.0 = Release|Any CPU
		{6B8ABBAA-E15A-D821-B3AC-76F396D267E6}.Debug|Any CPU.ActiveCfg = Debug|Any CPU
		{6B8ABBAA-E15A-D821-B3AC-76F396D267E6}.Debug|Any CPU.Build.0 = Debug|Any CPU
		{6B8ABBAA-E15A-D821-B3AC-76F396D267E6}.Release|Any CPU.ActiveCfg = Release|Any CPU
		{6B8ABBAA-E15A-D821-B3AC-76F396D267E6}.Release|Any CPU.Build.0 = Release|Any CPU
		{C3F539C2-DBEF-2959-5151-CE3356AE0C99}.Debug|Any CPU.ActiveCfg = Debug|Any CPU
		{C3F539C2-DBEF-2959-5151-CE3356AE0C99}.Debug|Any CPU.Build.0 = Debug|Any CPU
		{C3F539C2-DBEF-2959-5151-CE3356AE0C99}.Release|Any CPU.ActiveCfg = Release|Any CPU
		{C3F539C2-DBEF-2959-5151-CE3356AE0C99}.Release|Any CPU.Build.0 = Release|Any CPU
	EndGlobalSection
	GlobalSection(SolutionProperties) = preSolution
		HideSolutionNode = FALSE
	EndGlobalSection
EndGlobal
